<?xml version="1.0" encoding="utf-8"?>
<Project ToolsVersion="4.0" xmlns="http://schemas.microsoft.com/developer/msbuild/2003">
  <ItemGroup>
    <Filter Include="src">
      <UniqueIdentifier>{3e8a9917-55cb-4ef5-8e08-a29b4b0fe958}</UniqueIdentifier>
    </Filter>
  </ItemGroup>
  <ItemGroup>
    <ClInclude Include="src\squeeze.h">
      <Filter>src</Filter>
    </ClInclude>
    <ClInclude Include="src\sqzclass.h">
      <Filter>src</Filter>
    </ClInclude>
    <ClInclude Include="src\sqzclosure.h">
      <Filter>src</Filter>
    </ClInclude>
    <ClInclude Include="src\sqzdef.h">
      <Filter>src</Filter>
    </ClInclude>
    <ClInclude Include="src\sqzimpl.h">
      <Filter>src</Filter>
    </ClInclude>
    <ClInclude Include="src\sqzobject.h">
      <Filter>src</Filter>
    </ClInclude>
    <ClInclude Include="src\sqzscript.h">
      <Filter>src</Filter>
    </ClInclude>
    <ClInclude Include="src\sqzstackop.h">
      <Filter>src</Filter>
    </ClInclude>
    <ClInclude Include="src\sqztable.h">
      <Filter>src</Filter>
    </ClInclude>
    <ClInclude Include="src\sqztableimpl.h">
      <Filter>src</Filter>
    </ClInclude>
    <ClInclude Include="src\sqzutil.h">
      <Filter>src</Filter>
    </ClInclude>
    <ClInclude Include="src\sqzvm.h">
      <Filter>src</Filter>
    </ClInclude>
  </ItemGroup>
</Project>